
Microsoft Visual Studio Solution File, Format Version 12.00
# Visual Studio Version 16
VisualStudioVersion = 16.0.29503.13
MinimumVisualStudioVersion = 10.0.40219.1
Project("{FAE04EC0-301F-11D3-BF4B-00C04F79EFBC}") = "BankAppCA", "BankAppCA.csproj", "{3C39F6BF-632D-465E-8D25-9197BF5D3998}"
EndProject
Global
	GlobalSection(SolutionConfigurationPlatforms) = preSolution
		Debug|Any CPU = Debug|Any CPU
		Release|Any CPU = Release|Any CPU
	EndGlobalSection
	GlobalSection(ProjectConfigurationPlatforms) = postSolution
		{3C39F6BF-632D-465E-8D25-9197BF5D3998}.Debug|Any CPU.ActiveCfg = Debug|Any CPU
		{3C39F6BF-632D-465E-8D25-9197BF5D3998}.Debug|Any CPU.Build.0 = Debug|Any CPU
		{3C39F6BF-632D-465E-8D25-9197BF5D3998}.Release|Any CPU.ActiveCfg = Release|Any CPU
		{3C39F6BF-632D-465E-8D25-9197BF5D3998}.Release|Any CPU.Build.0 = Release|Any CPU
	EndGlobalSection
	GlobalSection(SolutionProperties) = preSolution
		HideSolutionNode = FALSE
	EndGlobalSection
	GlobalSection(ExtensibilityGlobals) = postSolution
		SolutionGuid = {69E4C6A5-C720-4240-B6C0-1367CC65C132}
	EndGlobalSection
EndGlobal
